
Microsoft Visual Studio Solution File, Format Version 12.00
# Visual Studio 14
VisualStudioVersion = 14.0.24720.0
MinimumVisualStudioVersion = 10.0.40219.1
Project("{2150E333-8FDC-42A3-9474-1A3956D46DE8}") = "src", "src", "{08A43D43-B127-44AF-AF4E-0C467CCF9E2E}"
	ProjectSection(SolutionItems) = preProject
		src\Composr.Core\Specifications\ISpecification.cs = src\Composr.Core\Specifications\ISpecification.cs
	EndProjectSection
EndProject
Project("{2150E333-8FDC-42A3-9474-1A3956D46DE8}") = "Solution Items", "Solution Items", "{3B7C7CD9-E463-4012-BBEC-C8D5243A478F}"
	ProjectSection(SolutionItems) = preProject
		global.json = global.json
		WebEssentials2015-Settings.json = WebEssentials2015-Settings.json
	EndProjectSection
EndProject
Project("{8BB2217D-0F2D-49D1-97BC-3654ED321F3B}") = "Composr.Core", "src\Composr.Core\Composr.Core.xproj", "{350C30A1-A8CD-4295-AACA-008B123B39AF}"
EndProject
Project("{8BB2217D-0F2D-49D1-97BC-3654ED321F3B}") = "Composr.Tests", "src\Composr.Tests\Composr.Tests.xproj", "{650A5A85-5956-491E-9312-5E25A27D1108}"
EndProject
Project("{8BB2217D-0F2D-49D1-97BC-3654ED321F3B}") = "Composr.Repository.Sql", "src\Composr.Repository.Sql\Composr.Repository.Sql.xproj", "{E1579732-EEE7-49FF-85C8-95A8D3D3489E}"
EndProject
Project("{8BB2217D-0F2D-49D1-97BC-3654ED321F3B}") = "Composr.Web", "src\Composr.Web\Composr.Web.xproj", "{DAA40A0B-2645-470B-9C87-8BD53C1CD98F}"
EndProject
Project("{8BB2217D-0F2D-49D1-97BC-3654ED321F3B}") = "Composr.Mock", "src\Composr.Mock\Composr.Mock.xproj", "{F193C4B0-0043-49EF-80A0-7E19E937A780}"
EndProject
Project("{8BB2217D-0F2D-49D1-97BC-3654ED321F3B}") = "Composr.Indexing.Client", "src\Composr.Indexing.Client\Composr.Indexing.Client.xproj", "{DD314ADF-620D-4A63-A8A8-B4FFDBA34C10}"
EndProject
Project("{8BB2217D-0F2D-49D1-97BC-3654ED321F3B}") = "Composr.Lib", "src\Composr.Lib\Composr.Lib.xproj", "{E7C32A0D-5FE9-4951-8FA6-14F25A02365E}"
EndProject
Global
	GlobalSection(SolutionConfigurationPlatforms) = preSolution
		Debug|Any CPU = Debug|Any CPU
		Release|Any CPU = Release|Any CPU
	EndGlobalSection
	GlobalSection(ProjectConfigurationPlatforms) = postSolution
		{350C30A1-A8CD-4295-AACA-008B123B39AF}.Debug|Any CPU.ActiveCfg = Debug|Any CPU
		{350C30A1-A8CD-4295-AACA-008B123B39AF}.Debug|Any CPU.Build.0 = Debug|Any CPU
		{350C30A1-A8CD-4295-AACA-008B123B39AF}.Release|Any CPU.ActiveCfg = Release|Any CPU
		{350C30A1-A8CD-4295-AACA-008B123B39AF}.Release|Any CPU.Build.0 = Release|Any CPU
		{650A5A85-5956-491E-9312-5E25A27D1108}.Debug|Any CPU.ActiveCfg = Debug|Any CPU
		{650A5A85-5956-491E-9312-5E25A27D1108}.Debug|Any CPU.Build.0 = Debug|Any CPU
		{650A5A85-5956-491E-9312-5E25A27D1108}.Release|Any CPU.ActiveCfg = Release|Any CPU
		{650A5A85-5956-491E-9312-5E25A27D1108}.Release|Any CPU.Build.0 = Release|Any CPU
		{E1579732-EEE7-49FF-85C8-95A8D3D3489E}.Debug|Any CPU.ActiveCfg = Debug|Any CPU
		{E1579732-EEE7-49FF-85C8-95A8D3D3489E}.Debug|Any CPU.Build.0 = Debug|Any CPU
		{E1579732-EEE7-49FF-85C8-95A8D3D3489E}.Release|Any CPU.ActiveCfg = Release|Any CPU
		{E1579732-EEE7-49FF-85C8-95A8D3D3489E}.Release|Any CPU.Build.0 = Release|Any CPU
		{DAA40A0B-2645-470B-9C87-8BD53C1CD98F}.Debug|Any CPU.ActiveCfg = Debug|Any CPU
		{DAA40A0B-2645-470B-9C87-8BD53C1CD98F}.Debug|Any CPU.Build.0 = Debug|Any CPU
		{DAA40A0B-2645-470B-9C87-8BD53C1CD98F}.Release|Any CPU.ActiveCfg = Release|Any CPU
		{DAA40A0B-2645-470B-9C87-8BD53C1CD98F}.Release|Any CPU.Build.0 = Release|Any CPU
		{F193C4B0-0043-49EF-80A0-7E19E937A780}.Debug|Any CPU.ActiveCfg = Debug|Any CPU
		{F193C4B0-0043-49EF-80A0-7E19E937A780}.Debug|Any CPU.Build.0 = Debug|Any CPU
		{F193C4B0-0043-49EF-80A0-7E19E937A780}.Release|Any CPU.ActiveCfg = Release|Any CPU
		{F193C4B0-0043-49EF-80A0-7E19E937A780}.Release|Any CPU.Build.0 = Release|Any CPU
		{DD314ADF-620D-4A63-A8A8-B4FFDBA34C10}.Debug|Any CPU.ActiveCfg = Debug|Any CPU
		{DD314ADF-620D-4A63-A8A8-B4FFDBA34C10}.Debug|Any CPU.Build.0 = Debug|Any CPU
		{DD314ADF-620D-4A63-A8A8-B4FFDBA34C10}.Release|Any CPU.ActiveCfg = Release|Any CPU
		{DD314ADF-620D-4A63-A8A8-B4FFDBA34C10}.Release|Any CPU.Build.0 = Release|Any CPU
		{E7C32A0D-5FE9-4951-8FA6-14F25A02365E}.Debug|Any CPU.ActiveCfg = Debug|Any CPU
		{E7C32A0D-5FE9-4951-8FA6-14F25A02365E}.Debug|Any CPU.Build.0 = Debug|Any CPU
		{E7C32A0D-5FE9-4951-8FA6-14F25A02365E}.Release|Any CPU.ActiveCfg = Release|Any CPU
		{E7C32A0D-5FE9-4951-8FA6-14F25A02365E}.Release|Any CPU.Build.0 = Release|Any CPU
	EndGlobalSection
	GlobalSection(SolutionProperties) = preSolution
		HideSolutionNode = FALSE
	EndGlobalSection
	GlobalSection(NestedProjects) = preSolution
		{350C30A1-A8CD-4295-AACA-008B123B39AF} = {08A43D43-B127-44AF-AF4E-0C467CCF9E2E}
		{650A5A85-5956-491E-9312-5E25A27D1108} = {08A43D43-B127-44AF-AF4E-0C467CCF9E2E}
		{E1579732-EEE7-49FF-85C8-95A8D3D3489E} = {08A43D43-B127-44AF-AF4E-0C467CCF9E2E}
		{DAA40A0B-2645-470B-9C87-8BD53C1CD98F} = {08A43D43-B127-44AF-AF4E-0C467CCF9E2E}
		{F193C4B0-0043-49EF-80A0-7E19E937A780} = {08A43D43-B127-44AF-AF4E-0C467CCF9E2E}
		{DD314ADF-620D-4A63-A8A8-B4FFDBA34C10} = {08A43D43-B127-44AF-AF4E-0C467CCF9E2E}
		{E7C32A0D-5FE9-4951-8FA6-14F25A02365E} = {08A43D43-B127-44AF-AF4E-0C467CCF9E2E}
	EndGlobalSection
EndGlobal
